{
  "requires": true,
  "lockfileVersion": 1,
  "dependencies": {
    "angular": {
      "version": "1.7.2",
      "resolved": "https://registry.npmjs.org/angular/-/angular-1.7.2.tgz",
      "integrity": "sha512-JcKKJbBdybUsmQ6x1M3xWyTYQ/ioVKJhSByEAjqrhmlOfvMFdhfMqAx5KIo8rLGk4DFolYPcCSgssjgTVjCtRQ=="
    },
    "angular-bootstrap-modal": {
      "version": "1.0.8",
      "resolved": "https://registry.npmjs.org/angular-bootstrap-modal/-/angular-bootstrap-modal-1.0.8.tgz",
      "integrity": "sha512-WFvgcwjgK0F3wX1Zpvd2kU94E7MbDY9GQ+tXl4PoDdrcGYqdep7rWegZfFuhby07lVCwqqZ95jWFdl3D0rqlMQ==",
      "requires": {
        "angular": "1.7.2",
        "angular-resource": "1.7.2",
        "angular-ui-bootstrap": "2.5.6",
        "bootstrap": "3.3.7"
      }
    },
    "angular-resource": {
      "version": "1.7.2",
      "resolved": "https://registry.npmjs.org/angular-resource/-/angular-resource-1.7.2.tgz",
      "integrity": "sha512-AEjn7DpRoXum49uYbUVr0fl9ZigjE6U3PwouclmNjCrspRzcal8UI8kaqqhFJFu+ZW5e5QdBY28BVfdW0pYmpA=="
    },
    "angular-ui-bootstrap": {
      "version": "2.5.6",
      "resolved": "https://registry.npmjs.org/angular-ui-bootstrap/-/angular-ui-bootstrap-2.5.6.tgz",
      "integrity": "sha512-yzcHpPMLQl0232nDzm5P4iAFTFQ9dMw0QgFLuKYbDj9M0xJ62z0oudYD/Lvh1pWfRsukiytP4Xj6BHOSrSXP8A=="
    },
    "bootstrap": {
      "version": "3.3.7",
      "resolved": "https://registry.npmjs.org/bootstrap/-/bootstrap-3.3.7.tgz",
      "integrity": "sha1-WjiTlFSfIzMIdaOxUGVldPip63E="
    }
  }
}
